
Microsoft Visual Studio Solution File, Format Version 12.00
# Visual Studio Version 16
VisualStudioVersion = 16.0.30330.147
MinimumVisualStudioVersion = 10.0.40219.1
Project("{FAE04EC0-301F-11D3-BF4B-00C04F79EFBC}") = "CSH1_Tag_06_Aufgabe_03", "CSH1_Tag_06_Aufgabe_03\CSH1_Tag_06_Aufgabe_03.csproj", "{4B7F254F-28B2-4863-8B81-2EA9116C4F90}"
EndProject
Global
	GlobalSection(SolutionConfigurationPlatforms) = preSolution
		Debug|Any CPU = Debug|Any CPU
		Release|Any CPU = Release|Any CPU
	EndGlobalSection
	GlobalSection(ProjectConfigurationPlatforms) = postSolution
		{4B7F254F-28B2-4863-8B81-2EA9116C4F90}.Debug|Any CPU.ActiveCfg = Debug|Any CPU
		{4B7F254F-28B2-4863-8B81-2EA9116C4F90}.Debug|Any CPU.Build.0 = Debug|Any CPU
		{4B7F254F-28B2-4863-8B81-2EA9116C4F90}.Release|Any CPU.ActiveCfg = Release|Any CPU
		{4B7F254F-28B2-4863-8B81-2EA9116C4F90}.Release|Any CPU.Build.0 = Release|Any CPU
	EndGlobalSection
	GlobalSection(SolutionProperties) = preSolution
		HideSolutionNode = FALSE
	EndGlobalSection
	GlobalSection(ExtensibilityGlobals) = postSolution
		SolutionGuid = {CCAB7566-E341-4A3F-A01C-C8465FB7D2B1}
	EndGlobalSection
EndGlobal
